// !$*UTF8*$!
{
	archiveVersion = 1;
	classes = {
	};
	objectVersion = 46;
	objects = {

/* Begin PBXBuildFile section */
		F8387E351E81AAD600A6A5F8 /* AppDelegate.swift in Sources */ = {isa = PBXBuildFile; fileRef = F8387E341E81AAD600A6A5F8 /* AppDelegate.swift */; };
		F8387E371E81AAD600A6A5F8 /* ViewController.swift in Sources */ = {isa = PBXBuildFile; fileRef = F8387E361E81AAD600A6A5F8 /* ViewController.swift */; };
		F8387E3A1E81AAD600A6A5F8 /* Main.storyboard in Resources */ = {isa = PBXBuildFile; fileRef = F8387E381E81AAD600A6A5F8 /* Main.storyboard */; };
		F8387E3C1E81AAD600A6A5F8 /* Assets.xcassets in Resources */ = {isa = PBXBuildFile; fileRef = F8387E3B1E81AAD600A6A5F8 /* Assets.xcassets */; };
		F8387E3F1E81AAD600A6A5F8 /* LaunchScreen.storyboard in Resources */ = {isa = PBXBuildFile; fileRef = F8387E3D1E81AAD600A6A5F8 /* LaunchScreen.storyboard */; };
		F859147D1E89BA1800176C95 /* TweetTableViewController.swift in Sources */ = {isa = PBXBuildFile; fileRef = F859147C1E89BA1800176C95 /* TweetTableViewController.swift */; };
		F859147F1E89BD3400176C95 /* AddTweetTableViewController.swift in Sources */ = {isa = PBXBuildFile; fileRef = F859147E1E89BD3400176C95 /* AddTweetTableViewController.swift */; };
		F8B2653D1E8C37B100A4594B /* Example in Resources */ = {isa = PBXBuildFile; fileRef = F8B265381E8C37B100A4594B /* Example */; };
		F8B2653E1E8C37B100A4594B /* SSKeychain.m in Sources */ = {isa = PBXBuildFile; fileRef = F8B2653A1E8C37B100A4594B /* SSKeychain.m */; };
		F8B2653F1E8C37B100A4594B /* SSKeychainQuery.m in Sources */ = {isa = PBXBuildFile; fileRef = F8B2653C1E8C37B100A4594B /* SSKeychainQuery.m */; };
		F8B265411E8C384900A4594B /* Security.framework in Frameworks */ = {isa = PBXBuildFile; fileRef = F8B265401E8C384900A4594B /* Security.framework */; };
/* End PBXBuildFile section */

/* Begin PBXContainerItemProxy section */
		F8F5DA411E8DB53900B0BC24 /* PBXContainerItemProxy */ = {
			isa = PBXContainerItemProxy;
			containerPortal = F8F5DA361E8DB53800B0BC24 /* Alamofire.xcodeproj */;
			proxyType = 2;
			remoteGlobalIDString = F8111E3319A95C8B0040E7D1;
			remoteInfo = "Alamofire iOS";
		};
		F8F5DA431E8DB53900B0BC24 /* PBXContainerItemProxy */ = {
			isa = PBXContainerItemProxy;
			containerPortal = F8F5DA361E8DB53800B0BC24 /* Alamofire.xcodeproj */;
			proxyType = 2;
			remoteGlobalIDString = F8111E3E19A95C8B0040E7D1;
			remoteInfo = "Alamofire iOS Tests";
		};
		F8F5DA451E8DB53900B0BC24 /* PBXContainerItemProxy */ = {
			isa = PBXContainerItemProxy;
			containerPortal = F8F5DA361E8DB53800B0BC24 /* Alamofire.xcodeproj */;
			proxyType = 2;
			remoteGlobalIDString = 4DD67C0B1A5C55C900ED2280;
			remoteInfo = "Alamofire macOS";
		};
		F8F5DA471E8DB53900B0BC24 /* PBXContainerItemProxy */ = {
			isa = PBXContainerItemProxy;
			containerPortal = F8F5DA361E8DB53800B0BC24 /* Alamofire.xcodeproj */;
			proxyType = 2;
			remoteGlobalIDString = F829C6B21A7A94F100A2CD59;
			remoteInfo = "Alamofire macOS Tests";
		};
		F8F5DA491E8DB53900B0BC24 /* PBXContainerItemProxy */ = {
			isa = PBXContainerItemProxy;
			containerPortal = F8F5DA361E8DB53800B0BC24 /* Alamofire.xcodeproj */;
			proxyType = 2;
			remoteGlobalIDString = 4CF626EF1BA7CB3E0011A099;
			remoteInfo = "Alamofire tvOS";
		};
		F8F5DA4B1E8DB53900B0BC24 /* PBXContainerItemProxy */ = {
			isa = PBXContainerItemProxy;
			containerPortal = F8F5DA361E8DB53800B0BC24 /* Alamofire.xcodeproj */;
			proxyType = 2;
			remoteGlobalIDString = 4CF626F81BA7CB3E0011A099;
			remoteInfo = "Alamofire tvOS Tests";
		};
		F8F5DA4D1E8DB53900B0BC24 /* PBXContainerItemProxy */ = {
			isa = PBXContainerItemProxy;
			containerPortal = F8F5DA361E8DB53800B0BC24 /* Alamofire.xcodeproj */;
			proxyType = 2;
			remoteGlobalIDString = E4202FE01B667AA100C997FB;
			remoteInfo = "Alamofire watchOS";
		};
/* End PBXContainerItemProxy section */

/* Begin PBXCopyFilesBuildPhase section */
		F81A8DDB1E8B262900730D15 /* Embed Frameworks */ = {
			isa = PBXCopyFilesBuildPhase;
			buildActionMask = 2147483647;
			dstPath = "";
			dstSubfolderSpec = 10;
			files = (
			);
			name = "Embed Frameworks";
			runOnlyForDeploymentPostprocessing = 0;
		};
/* End PBXCopyFilesBuildPhase section */

/* Begin PBXFileReference section */
		F8387E311E81AAD600A6A5F8 /* WSUV_Twitter.app */ = {isa = PBXFileReference; explicitFileType = wrapper.application; includeInIndex = 0; path = WSUV_Twitter.app; sourceTree = BUILT_PRODUCTS_DIR; };
		F8387E341E81AAD600A6A5F8 /* AppDelegate.swift */ = {isa = PBXFileReference; lastKnownFileType = sourcecode.swift; path = AppDelegate.swift; sourceTree = "<group>"; };
		F8387E361E81AAD600A6A5F8 /* ViewController.swift */ = {isa = PBXFileReference; lastKnownFileType = sourcecode.swift; path = ViewController.swift; sourceTree = "<group>"; };
		F8387E391E81AAD600A6A5F8 /* Base */ = {isa = PBXFileReference; lastKnownFileType = file.storyboard; name = Base; path = Base.lproj/Main.storyboard; sourceTree = "<group>"; };
		F8387E3B1E81AAD600A6A5F8 /* Assets.xcassets */ = {isa = PBXFileReference; lastKnownFileType = folder.assetcatalog; path = Assets.xcassets; sourceTree = "<group>"; };
		F8387E3E1E81AAD600A6A5F8 /* Base */ = {isa = PBXFileReference; lastKnownFileType = file.storyboard; name = Base; path = Base.lproj/LaunchScreen.storyboard; sourceTree = "<group>"; };
		F8387E401E81AAD600A6A5F8 /* Info.plist */ = {isa = PBXFileReference; lastKnownFileType = text.plist.xml; path = Info.plist; sourceTree = "<group>"; };
		F859147C1E89BA1800176C95 /* TweetTableViewController.swift */ = {isa = PBXFileReference; fileEncoding = 4; lastKnownFileType = sourcecode.swift; path = TweetTableViewController.swift; sourceTree = "<group>"; };
		F859147E1E89BD3400176C95 /* AddTweetTableViewController.swift */ = {isa = PBXFileReference; fileEncoding = 4; lastKnownFileType = sourcecode.swift; path = AddTweetTableViewController.swift; sourceTree = "<group>"; };
		F8B265381E8C37B100A4594B /* Example */ = {isa = PBXFileReference; lastKnownFileType = folder; path = Example; sourceTree = "<group>"; };
		F8B265391E8C37B100A4594B /* SSKeychain.h */ = {isa = PBXFileReference; fileEncoding = 4; lastKnownFileType = sourcecode.c.h; path = SSKeychain.h; sourceTree = "<group>"; };
		F8B2653A1E8C37B100A4594B /* SSKeychain.m */ = {isa = PBXFileReference; fileEncoding = 4; lastKnownFileType = sourcecode.c.objc; path = SSKeychain.m; sourceTree = "<group>"; };
		F8B2653B1E8C37B100A4594B /* SSKeychainQuery.h */ = {isa = PBXFileReference; fileEncoding = 4; lastKnownFileType = sourcecode.c.h; path = SSKeychainQuery.h; sourceTree = "<group>"; };
		F8B2653C1E8C37B100A4594B /* SSKeychainQuery.m */ = {isa = PBXFileReference; fileEncoding = 4; lastKnownFileType = sourcecode.c.objc; path = SSKeychainQuery.m; sourceTree = "<group>"; };
		F8B265401E8C384900A4594B /* Security.framework */ = {isa = PBXFileReference; lastKnownFileType = wrapper.framework; name = Security.framework; path = System/Library/Frameworks/Security.framework; sourceTree = SDKROOT; };
		F8B265421E8C387B00A4594B /* WSUV_Twitter-Bridging-Header.h */ = {isa = PBXFileReference; fileEncoding = 4; lastKnownFileType = sourcecode.c.h; path = "WSUV_Twitter-Bridging-Header.h"; sourceTree = "<group>"; };
		F8F5DA361E8DB53800B0BC24 /* Alamofire.xcodeproj */ = {isa = PBXFileReference; lastKnownFileType = "wrapper.pb-project"; name = Alamofire.xcodeproj; path = "Alamofire-master/Alamofire.xcodeproj"; sourceTree = "<group>"; };
/* End PBXFileReference section */

/* Begin PBXFrameworksBuildPhase section */
		F8387E2E1E81AAD600A6A5F8 /* Frameworks */ = {
			isa = PBXFrameworksBuildPhase;
			buildActionMask = 2147483647;
			files = (
				F8B265411E8C384900A4594B /* Security.framework in Frameworks */,
			);
			runOnlyForDeploymentPostprocessing = 0;
		};
/* End PBXFrameworksBuildPhase section */

/* Begin PBXGroup section */
		F8387E281E81AAD600A6A5F8 = {
			isa = PBXGroup;
			children = (
				F8F5DA361E8DB53800B0BC24 /* Alamofire.xcodeproj */,
				F8387E331E81AAD600A6A5F8 /* WSUV_Twitter */,
				F8387E321E81AAD600A6A5F8 /* Products */,
				F8B265351E8C334A00A4594B /* Frameworks */,
			);
			sourceTree = "<group>";
		};
		F8387E321E81AAD600A6A5F8 /* Products */ = {
			isa = PBXGroup;
			children = (
				F8387E311E81AAD600A6A5F8 /* WSUV_Twitter.app */,
			);
			name = Products;
			sourceTree = "<group>";
		};
		F8387E331E81AAD600A6A5F8 /* WSUV_Twitter */ = {
			isa = PBXGroup;
			children = (
				F8387E341E81AAD600A6A5F8 /* AppDelegate.swift */,
				F8387E361E81AAD600A6A5F8 /* ViewController.swift */,
				F859147E1E89BD3400176C95 /* AddTweetTableViewController.swift */,
				F859147C1E89BA1800176C95 /* TweetTableViewController.swift */,
				F8387E381E81AAD600A6A5F8 /* Main.storyboard */,
				F8387E3B1E81AAD600A6A5F8 /* Assets.xcassets */,
				F8387E3D1E81AAD600A6A5F8 /* LaunchScreen.storyboard */,
				F8387E401E81AAD600A6A5F8 /* Info.plist */,
				F8B265381E8C37B100A4594B /* Example */,
				F8B265391E8C37B100A4594B /* SSKeychain.h */,
				F8B2653A1E8C37B100A4594B /* SSKeychain.m */,
				F8B2653B1E8C37B100A4594B /* SSKeychainQuery.h */,
				F8B2653C1E8C37B100A4594B /* SSKeychainQuery.m */,
				F8B265421E8C387B00A4594B /* WSUV_Twitter-Bridging-Header.h */,
			);
			path = WSUV_Twitter;
			sourceTree = "<group>";
		};
		F8B265351E8C334A00A4594B /* Frameworks */ = {
			isa = PBXGroup;
			children = (
				F8B265401E8C384900A4594B /* Security.framework */,
			);
			name = Frameworks;
			sourceTree = "<group>";
		};
		F8F5DA371E8DB53800B0BC24 /* Products */ = {
			isa = PBXGroup;
			children = (
				F8F5DA421E8DB53900B0BC24 /* Alamofire.framework */,
				F8F5DA441E8DB53900B0BC24 /* Alamofire iOS Tests.xctest */,
				F8F5DA461E8DB53900B0BC24 /* Alamofire.framework */,
				F8F5DA481E8DB53900B0BC24 /* Alamofire macOS Tests.xctest */,
				F8F5DA4A1E8DB53900B0BC24 /* Alamofire.framework */,
				F8F5DA4C1E8DB53900B0BC24 /* Alamofire tvOS Tests.xctest */,
				F8F5DA4E1E8DB53900B0BC24 /* Alamofire.framework */,
			);
			name = Products;
			sourceTree = "<group>";
		};
/* End PBXGroup section */

/* Begin PBXNativeTarget section */
		F8387E301E81AAD600A6A5F8 /* WSUV_Twitter */ = {
			isa = PBXNativeTarget;
			buildConfigurationList = F8387E431E81AAD600A6A5F8 /* Build configuration list for PBXNativeTarget "WSUV_Twitter" */;
			buildPhases = (
				F8387E2D1E81AAD600A6A5F8 /* Sources */,
				F8387E2E1E81AAD600A6A5F8 /* Frameworks */,
				F8387E2F1E81AAD600A6A5F8 /* Resources */,
				F81A8DDB1E8B262900730D15 /* Embed Frameworks */,
			);
			buildRules = (
			);
			dependencies = (
			);
			name = WSUV_Twitter;
			productName = WSUV_Twitter;
			productReference = F8387E311E81AAD600A6A5F8 /* WSUV_Twitter.app */;
			productType = "com.apple.product-type.application";
		};
/* End PBXNativeTarget section */

/* Begin PBXProject section */
		F8387E291E81AAD600A6A5F8 /* Project object */ = {
			isa = PBXProject;
			attributes = {
				LastSwiftUpdateCheck = 0820;
				LastUpgradeCheck = 0820;
				ORGANIZATIONNAME = "Tyler James Bounds";
				TargetAttributes = {
					F8387E301E81AAD600A6A5F8 = {
						CreatedOnToolsVersion = 8.2.1;
						LastSwiftMigration = 0820;
						ProvisioningStyle = Automatic;
					};
				};
			};
			buildConfigurationList = F8387E2C1E81AAD600A6A5F8 /* Build configuration list for PBXProject "WSUV_Twitter" */;
			compatibilityVersion = "Xcode 3.2";
			developmentRegion = English;
			hasScannedForEncodings = 0;
			knownRegions = (
				en,
				Base,
			);
			mainGroup = F8387E281E81AAD600A6A5F8;
			productRefGroup = F8387E321E81AAD600A6A5F8 /* Products */;
			projectDirPath = "";
			projectReferences = (
				{
					ProductGroup = F8F5DA371E8DB53800B0BC24 /* Products */;
					ProjectRef = F8F5DA361E8DB53800B0BC24 /* Alamofire.xcodeproj */;
				},
			);
			projectRoot = "";
			targets = (
				F8387E301E81AAD600A6A5F8 /* WSUV_Twitter */,
			);
		};
/* End PBXProject section */

/* Begin PBXReferenceProxy section */
		F8F5DA421E8DB53900B0BC24 /* Alamofire.framework */ = {
			isa = PBXReferenceProxy;
			fileType = wrapper.framework;
			path = Alamofire.framework;
			remoteRef = F8F5DA411E8DB53900B0BC24 /* PBXContainerItemProxy */;
			sourceTree = BUILT_PRODUCTS_DIR;
		};
		F8F5DA441E8DB53900B0BC24 /* Alamofire iOS Tests.xctest */ = {
			isa = PBXReferenceProxy;
			fileType = wrapper.cfbundle;
			path = "Alamofire iOS Tests.xctest";
			remoteRef = F8F5DA431E8DB53900B0BC24 /* PBXContainerItemProxy */;
			sourceTree = BUILT_PRODUCTS_DIR;
		};
		F8F5DA461E8DB53900B0BC24 /* Alamofire.framework */ = {
			isa = PBXReferenceProxy;
			fileType = wrapper.framework;
			path = Alamofire.framework;
			remoteRef = F8F5DA451E8DB53900B0BC24 /* PBXContainerItemProxy */;
			sourceTree = BUILT_PRODUCTS_DIR;
		};
		F8F5DA481E8DB53900B0BC24 /* Alamofire macOS Tests.xctest */ = {
			isa = PBXReferenceProxy;
			fileType = wrapper.cfbundle;
			path = "Alamofire macOS Tests.xctest";
			remoteRef = F8F5DA471E8DB53900B0BC24 /* PBXContainerItemProxy */;
			sourceTree = BUILT_PRODUCTS_DIR;
		};
		F8F5DA4A1E8DB53900B0BC24 /* Alamofire.framework */ = {
			isa = PBXReferenceProxy;
			fileType = wrapper.framework;
			path = Alamofire.framework;
			remoteRef = F8F5DA491E8DB53900B0BC24 /* PBXContainerItemProxy */;
			sourceTree = BUILT_PRODUCTS_DIR;
		};
		F8F5DA4C1E8DB53900B0BC24 /* Alamofire tvOS Tests.xctest */ = {
			isa = PBXReferenceProxy;
			fileType = wrapper.cfbundle;
			path = "Alamofire tvOS Tests.xctest";
			remoteRef = F8F5DA4B1E8DB53900B0BC24 /* PBXContainerItemProxy */;
			sourceTree = BUILT_PRODUCTS_DIR;
		};
		F8F5DA4E1E8DB53900B0BC24 /* Alamofire.framework */ = {
			isa = PBXReferenceProxy;
			fileType = wrapper.framework;
			path = Alamofire.framework;
			remoteRef = F8F5DA4D1E8DB53900B0BC24 /* PBXContainerItemProxy */;
			sourceTree = BUILT_PRODUCTS_DIR;
		};
/* End PBXReferenceProxy section */

/* Begin PBXResourcesBuildPhase section */
		F8387E2F1E81AAD600A6A5F8 /* Resources */ = {
			isa = PBXResourcesBuildPhase;
			buildActionMask = 2147483647;
			files = (
				F8387E3F1E81AAD600A6A5F8 /* LaunchScreen.storyboard in Resources */,
				F8387E3C1E81AAD600A6A5F8 /* Assets.xcassets in Resources */,
				F8387E3A1E81AAD600A6A5F8 /* Main.storyboard in Resources */,
				F8B2653D1E8C37B100A4594B /* Example in Resources */,
			);
			runOnlyForDeploymentPostprocessing = 0;
		};
/* End PBXResourcesBuildPhase section */

/* Begin PBXSourcesBuildPhase section */
		F8387E2D1E81AAD600A6A5F8 /* Sources */ = {
			isa = PBXSourcesBuildPhase;
			buildActionMask = 2147483647;
			files = (
				F859147D1E89BA1800176C95 /* TweetTableViewController.swift in Sources */,
				F8387E371E81AAD600A6A5F8 /* ViewController.swift in Sources */,
				F8387E351E81AAD600A6A5F8 /* AppDelegate.swift in Sources */,
				F859147F1E89BD3400176C95 /* AddTweetTableViewController.swift in Sources */,
				F8B2653F1E8C37B100A4594B /* SSKeychainQuery.m in Sources */,
				F8B2653E1E8C37B100A4594B /* SSKeychain.m in Sources */,
			);
			runOnlyForDeploymentPostprocessing = 0;
		};
/* End PBXSourcesBuildPhase section */

/* Begin PBXVariantGroup section */
		F8387E381E81AAD600A6A5F8 /* Main.storyboard */ = {
			isa = PBXVariantGroup;
			children = (
				F8387E391E81AAD600A6A5F8 /* Base */,
			);
			name = Main.storyboard;
			sourceTree = "<group>";
		};
		F8387E3D1E81AAD600A6A5F8 /* LaunchScreen.storyboard */ = {
			isa = PBXVariantGroup;
			children = (
				F8387E3E1E81AAD600A6A5F8 /* Base */,
			);
			name = LaunchScreen.storyboard;
			sourceTree = "<group>";
		};
/* End PBXVariantGroup section */

/* Begin XCBuildConfiguration section */
		F8387E411E81AAD600A6A5F8 /* Debug */ = {
			isa = XCBuildConfiguration;
			buildSettings = {
				ALWAYS_SEARCH_USER_PATHS = NO;
				CLANG_ANALYZER_NONNULL = YES;
				CLANG_CXX_LANGUAGE_STANDARD = "gnu++0x";
				CLANG_CXX_LIBRARY = "libc++";
				CLANG_ENABLE_MODULES = YES;
				CLANG_ENABLE_OBJC_ARC = YES;
				CLANG_WARN_BOOL_CONVERSION = YES;
				CLANG_WARN_CONSTANT_CONVERSION = YES;
				CLANG_WARN_DIRECT_OBJC_ISA_USAGE = YES_ERROR;
				CLANG_WARN_DOCUMENTATION_COMMENTS = YES;
				CLANG_WARN_EMPTY_BODY = YES;
				CLANG_WARN_ENUM_CONVERSION = YES;
				CLANG_WARN_INFINITE_RECURSION = YES;
				CLANG_WARN_INT_CONVERSION = YES;
				CLANG_WARN_OBJC_ROOT_CLASS = YES_ERROR;
				CLANG_WARN_SUSPICIOUS_MOVE = YES;
				CLANG_WARN_UNREACHABLE_CODE = YES;
				CLANG_WARN__DUPLICATE_METHOD_MATCH = YES;
				"CODE_SIGN_IDENTITY[sdk=iphoneos*]" = "iPhone Developer";
				COPY_PHASE_STRIP = NO;
				DEBUG_INFORMATION_FORMAT = dwarf;
				ENABLE_STRICT_OBJC_MSGSEND = YES;
				ENABLE_TESTABILITY = YES;
				GCC_C_LANGUAGE_STANDARD = gnu99;
				GCC_DYNAMIC_NO_PIC = NO;
				GCC_NO_COMMON_BLOCKS = YES;
				GCC_OPTIMIZATION_LEVEL = 0;
				GCC_PREPROCESSOR_DEFINITIONS = (
					"DEBUG=1",
					"$(inherited)",
				);
				GCC_WARN_64_TO_32_BIT_CONVERSION = YES;
				GCC_WARN_ABOUT_RETURN_TYPE = YES_ERROR;
				GCC_WARN_UNDECLARED_SELECTOR = YES;
				GCC_WARN_UNINITIALIZED_AUTOS = YES_AGGRESSIVE;
				GCC_WARN_UNUSED_FUNCTION = YES;
				GCC_WARN_UNUSED_VARIABLE = YES;
				IPHONEOS_DEPLOYMENT_TARGET = 10.2;
				MTL_ENABLE_DEBUG_INFO = YES;
				ONLY_ACTIVE_ARCH = YES;
				SDKROOT = iphoneos;
				SWIFT_ACTIVE_COMPILATION_CONDITIONS = DEBUG;
				SWIFT_OPTIMIZATION_LEVEL = "-Onone";
				TARGETED_DEVICE_FAMILY = "1,2";
			};
			name = Debug;
		};
		F8387E421E81AAD600A6A5F8 /* Release */ = {
			isa = XCBuildConfiguration;
			buildSettings = {
				ALWAYS_SEARCH_USER_PATHS = NO;
				CLANG_ANALYZER_NONNULL = YES;
				CLANG_CXX_LANGUAGE_STANDARD = "gnu++0x";
				CLANG_CXX_LIBRARY = "libc++";
				CLANG_ENABLE_MODULES = YES;
				CLANG_ENABLE_OBJC_ARC = YES;
				CLANG_WARN_BOOL_CONVERSION = YES;
				CLANG_WARN_CONSTANT_CONVERSION = YES;
				CLANG_WARN_DIRECT_OBJC_ISA_USAGE = YES_ERROR;
				CLANG_WARN_DOCUMENTATION_COMMENTS = YES;
				CLANG_WARN_EMPTY_BODY = YES;
				CLANG_WARN_ENUM_CONVERSION = YES;
				CLANG_WARN_INFINITE_RECURSION = YES;
				CLANG_WARN_INT_CONVERSION = YES;
				CLANG_WARN_OBJC_ROOT_CLASS = YES_ERROR;
				CLANG_WARN_SUSPICIOUS_MOVE = YES;
				CLANG_WARN_UNREACHABLE_CODE = YES;
				CLANG_WARN__DUPLICATE_METHOD_MATCH = YES;
				"CODE_SIGN_IDENTITY[sdk=iphoneos*]" = "iPhone Developer";
				COPY_PHASE_STRIP = NO;
				DEBUG_INFORMATION_FORMAT = "dwarf-with-dsym";
				ENABLE_NS_ASSERTIONS = NO;
				ENABLE_STRICT_OBJC_MSGSEND = YES;
				GCC_C_LANGUAGE_STANDARD = gnu99;
				GCC_NO_COMMON_BLOCKS = YES;
				GCC_WARN_64_TO_32_BIT_CONVERSION = YES;
				GCC_WARN_ABOUT_RETURN_TYPE = YES_ERROR;
				GCC_WARN_UNDECLARED_SELECTOR = YES;
				GCC_WARN_UNINITIALIZED_AUTOS = YES_AGGRESSIVE;
				GCC_WARN_UNUSED_FUNCTION = YES;
				GCC_WARN_UNUSED_VARIABLE = YES;
				IPHONEOS_DEPLOYMENT_TARGET = 10.2;
				MTL_ENABLE_DEBUG_INFO = NO;
				SDKROOT = iphoneos;
				SWIFT_OPTIMIZATION_LEVEL = "-Owholemodule";
				TARGETED_DEVICE_FAMILY = "1,2";
				VALIDATE_PRODUCT = YES;
			};
			name = Release;
		};
		F8387E441E81AAD600A6A5F8 /* Debug */ = {
			isa = XCBuildConfiguration;
			buildSettings = {
				ALWAYS_EMBED_SWIFT_STANDARD_LIBRARIES = YES;
				ASSETCATALOG_COMPILER_APPICON_NAME = AppIcon;
				CLANG_ENABLE_MODULES = YES;
				INFOPLIST_FILE = WSUV_Twitter/Info.plist;
				LD_RUNPATH_SEARCH_PATHS = "$(inherited) @executable_path/Frameworks";
				PRODUCT_BUNDLE_IDENTIFIER = "www.vancouver.wsu.edu.WSUV-Twitter";
				PRODUCT_NAME = "$(TARGET_NAME)";
				SWIFT_OBJC_BRIDGING_HEADER = "WSUV_Twitter/WSUV_Twitter-Bridging-Header.h";
				SWIFT_OPTIMIZATION_LEVEL = "-Onone";
				SWIFT_VERSION = 3.0;
			};
			name = Debug;
		};
		F8387E451E81AAD600A6A5F8 /* Release */ = {
			isa = XCBuildConfiguration;
			buildSettings = {
				ALWAYS_EMBED_SWIFT_STANDARD_LIBRARIES = YES;
				ASSETCATALOG_COMPILER_APPICON_NAME = AppIcon;
				CLANG_ENABLE_MODULES = YES;
				INFOPLIST_FILE = WSUV_Twitter/Info.plist;
				LD_RUNPATH_SEARCH_PATHS = "$(inherited) @executable_path/Frameworks";
				PRODUCT_BUNDLE_IDENTIFIER = "www.vancouver.wsu.edu.WSUV-Twitter";
				PRODUCT_NAME = "$(TARGET_NAME)";
				SWIFT_OBJC_BRIDGING_HEADER = "WSUV_Twitter/WSUV_Twitter-Bridging-Header.h";
				SWIFT_VERSION = 3.0;
			};
			name = Release;
		};
/* End XCBuildConfiguration section */

/* Begin XCConfigurationList section */
		F8387E2C1E81AAD600A6A5F8 /* Build configuration list for PBXProject "WSUV_Twitter" */ = {
			isa = XCConfigurationList;
			buildConfigurations = (
				F8387E411E81AAD600A6A5F8 /* Debug */,
				F8387E421E81AAD600A6A5F8 /* Release */,
			);
			defaultConfigurationIsVisible = 0;
			defaultConfigurationName = Release;
		};
		F8387E431E81AAD600A6A5F8 /* Build configuration list for PBXNativeTarget "WSUV_Twitter" */ = {
			isa = XCConfigurationList;
			buildConfigurations = (
				F8387E441E81AAD600A6A5F8 /* Debug */,
				F8387E451E81AAD600A6A5F8 /* Release */,
			);
			defaultConfigurationIsVisible = 0;
			defaultConfigurationName = Release;
		};
/* End XCConfigurationList section */
	};
	rootObject = F8387E291E81AAD600A6A5F8 /* Project object */;
}
